
Microsoft Visual Studio Solution File, Format Version 12.00
# Visual Studio Version 16
VisualStudioVersion = 16.0.30128.74
MinimumVisualStudioVersion = 10.0.40219.1
Project("{FAE04EC0-301F-11D3-BF4B-00C04F79EFBC}") = "Fnews_Web", "Fnews_Web\Fnews_Web.csproj", "{75BAF541-0463-4CE7-A03E-965E1339ACBB}"
EndProject
Global
	GlobalSection(SolutionConfigurationPlatforms) = preSolution
		Debug|Any CPU = Debug|Any CPU
		Release|Any CPU = Release|Any CPU
	EndGlobalSection
	GlobalSection(ProjectConfigurationPlatforms) = postSolution
		{75BAF541-0463-4CE7-A03E-965E1339ACBB}.Debug|Any CPU.ActiveCfg = Debug|Any CPU
		{75BAF541-0463-4CE7-A03E-965E1339ACBB}.Debug|Any CPU.Build.0 = Debug|Any CPU
		{75BAF541-0463-4CE7-A03E-965E1339ACBB}.Release|Any CPU.ActiveCfg = Release|Any CPU
		{75BAF541-0463-4CE7-A03E-965E1339ACBB}.Release|Any CPU.Build.0 = Release|Any CPU
	EndGlobalSection
	GlobalSection(SolutionProperties) = preSolution
		HideSolutionNode = FALSE
	EndGlobalSection
	GlobalSection(ExtensibilityGlobals) = postSolution
		SolutionGuid = {7C9E2AB4-1F36-406D-94FD-F387F7FADA72}
	EndGlobalSection
EndGlobal
